// !$*UTF8*$!
{
	archiveVersion = 1;
	classes = {
	};
	objectVersion = 46;
	objects = {

/* Begin PBXBuildFile section */
		C3A953911540F2F300924281 /* location_Numbercity_citynumber.db in Resources */ = {isa = PBXBuildFile; fileRef = C3A953901540F2F300924281 /* location_Numbercity_citynumber.db */; };
		C3A9539E15414F3400924281 /* AboutViewController.m in Sources */ = {isa = PBXBuildFile; fileRef = C3A9539C15414F3400924281 /* AboutViewController.m */; };
		C3A9539F15414F3400924281 /* AboutViewController.xib in Resources */ = {isa = PBXBuildFile; fileRef = C3A9539D15414F3400924281 /* AboutViewController.xib */; };
		C3C15D0914E246D2002F2B4A /* AddressBook.framework in Frameworks */ = {isa = PBXBuildFile; fileRef = C3C15D0814E246D2002F2B4A /* AddressBook.framework */; };
		C3C15D0C14E246DA002F2B4A /* AddressBookUI.framework in Frameworks */ = {isa = PBXBuildFile; fileRef = C3C15D0B14E246DA002F2B4A /* AddressBookUI.framework */; };
		C3DBBC8B153FBCDA006E1E6E /* UIKit.framework in Frameworks */ = {isa = PBXBuildFile; fileRef = C3DBBC8A153FBCDA006E1E6E /* UIKit.framework */; };
		C3DBBC8D153FBCDA006E1E6E /* Foundation.framework in Frameworks */ = {isa = PBXBuildFile; fileRef = C3DBBC8C153FBCDA006E1E6E /* Foundation.framework */; };
		C3DBBC8F153FBCDA006E1E6E /* CoreGraphics.framework in Frameworks */ = {isa = PBXBuildFile; fileRef = C3DBBC8E153FBCDA006E1E6E /* CoreGraphics.framework */; };
		C3DBBC95153FBCDA006E1E6E /* InfoPlist.strings in Resources */ = {isa = PBXBuildFile; fileRef = C3DBBC93153FBCDA006E1E6E /* InfoPlist.strings */; };
		C3DBBC97153FBCDA006E1E6E /* main.m in Sources */ = {isa = PBXBuildFile; fileRef = C3DBBC96153FBCDA006E1E6E /* main.m */; };
		C3DBBC9B153FBCDA006E1E6E /* FindlocationAppDelegate.m in Sources */ = {isa = PBXBuildFile; fileRef = C3DBBC9A153FBCDA006E1E6E /* FindlocationAppDelegate.m */; };
		C3DBBC9E153FBCDA006E1E6E /* FindlocationViewController.m in Sources */ = {isa = PBXBuildFile; fileRef = C3DBBC9D153FBCDA006E1E6E /* FindlocationViewController.m */; };
		C3DBBCA1153FBCDA006E1E6E /* FindlocationViewController.xib in Resources */ = {isa = PBXBuildFile; fileRef = C3DBBC9F153FBCDA006E1E6E /* FindlocationViewController.xib */; };
		C3DBBCAB153FBD14006E1E6E /* libsqlite3.dylib in Frameworks */ = {isa = PBXBuildFile; fileRef = C3DBBCAA153FBD14006E1E6E /* libsqlite3.dylib */; };
/* End PBXBuildFile section */

/* Begin PBXFileReference section */
		C3A953901540F2F300924281 /* location_Numbercity_citynumber.db */ = {isa = PBXFileReference; lastKnownFileType = file; path = location_Numbercity_citynumber.db; sourceTree = "<group>"; };
		C3A9539B15414F3400924281 /* AboutViewController.h */ = {isa = PBXFileReference; fileEncoding = 4; lastKnownFileType = sourcecode.c.h; path = AboutViewController.h; sourceTree = "<group>"; };
		C3A9539C15414F3400924281 /* AboutViewController.m */ = {isa = PBXFileReference; fileEncoding = 4; lastKnownFileType = sourcecode.c.objc; path = AboutViewController.m; sourceTree = "<group>"; };
		C3A9539D15414F3400924281 /* AboutViewController.xib */ = {isa = PBXFileReference; fileEncoding = 4; lastKnownFileType = file.xib; path = AboutViewController.xib; sourceTree = "<group>"; };
		C3C15D0814E246D2002F2B4A /* AddressBook.framework */ = {isa = PBXFileReference; lastKnownFileType = wrapper.framework; name = AddressBook.framework; path = System/Library/Frameworks/AddressBook.framework; sourceTree = SDKROOT; };
		C3C15D0B14E246DA002F2B4A /* AddressBookUI.framework */ = {isa = PBXFileReference; lastKnownFileType = wrapper.framework; name = AddressBookUI.framework; path = System/Library/Frameworks/AddressBookUI.framework; sourceTree = SDKROOT; };
		C3DBBC86153FBCDA006E1E6E /* Findlocation.app */ = {isa = PBXFileReference; explicitFileType = wrapper.application; includeInIndex = 0; path = Findlocation.app; sourceTree = BUILT_PRODUCTS_DIR; };
		C3DBBC8A153FBCDA006E1E6E /* UIKit.framework */ = {isa = PBXFileReference; lastKnownFileType = wrapper.framework; name = UIKit.framework; path = System/Library/Frameworks/UIKit.framework; sourceTree = SDKROOT; };
		C3DBBC8C153FBCDA006E1E6E /* Foundation.framework */ = {isa = PBXFileReference; lastKnownFileType = wrapper.framework; name = Foundation.framework; path = System/Library/Frameworks/Foundation.framework; sourceTree = SDKROOT; };
		C3DBBC8E153FBCDA006E1E6E /* CoreGraphics.framework */ = {isa = PBXFileReference; lastKnownFileType = wrapper.framework; name = CoreGraphics.framework; path = System/Library/Frameworks/CoreGraphics.framework; sourceTree = SDKROOT; };
		C3DBBC92153FBCDA006E1E6E /* Findlocation-Info.plist */ = {isa = PBXFileReference; lastKnownFileType = text.plist.xml; path = "Findlocation-Info.plist"; sourceTree = "<group>"; };
		C3DBBC94153FBCDA006E1E6E /* en */ = {isa = PBXFileReference; lastKnownFileType = text.plist.strings; name = en; path = en.lproj/InfoPlist.strings; sourceTree = "<group>"; };
		C3DBBC96153FBCDA006E1E6E /* main.m */ = {isa = PBXFileReference; lastKnownFileType = sourcecode.c.objc; path = main.m; sourceTree = "<group>"; };
		C3DBBC98153FBCDA006E1E6E /* Findlocation-Prefix.pch */ = {isa = PBXFileReference; lastKnownFileType = sourcecode.c.h; path = "Findlocation-Prefix.pch"; sourceTree = "<group>"; };
		C3DBBC99153FBCDA006E1E6E /* FindlocationAppDelegate.h */ = {isa = PBXFileReference; lastKnownFileType = sourcecode.c.h; path = FindlocationAppDelegate.h; sourceTree = "<group>"; };
		C3DBBC9A153FBCDA006E1E6E /* FindlocationAppDelegate.m */ = {isa = PBXFileReference; lastKnownFileType = sourcecode.c.objc; path = FindlocationAppDelegate.m; sourceTree = "<group>"; };
		C3DBBC9C153FBCDA006E1E6E /* FindlocationViewController.h */ = {isa = PBXFileReference; lastKnownFileType = sourcecode.c.h; path = FindlocationViewController.h; sourceTree = "<group>"; };
		C3DBBC9D153FBCDA006E1E6E /* FindlocationViewController.m */ = {isa = PBXFileReference; lastKnownFileType = sourcecode.c.objc; path = FindlocationViewController.m; sourceTree = "<group>"; };
		C3DBBCA0153FBCDA006E1E6E /* en */ = {isa = PBXFileReference; lastKnownFileType = file.xib; name = en; path = en.lproj/FindlocationViewController.xib; sourceTree = "<group>"; };
		C3DBBCAA153FBD14006E1E6E /* libsqlite3.dylib */ = {isa = PBXFileReference; lastKnownFileType = "compiled.mach-o.dylib"; name = libsqlite3.dylib; path = usr/lib/libsqlite3.dylib; sourceTree = SDKROOT; };
/* End PBXFileReference section */

/* Begin PBXFrameworksBuildPhase section */
		C3DBBC83153FBCDA006E1E6E /* Frameworks */ = {
			isa = PBXFrameworksBuildPhase;
			buildActionMask = 2147483647;
			files = (
				C3C15D0C14E246DA002F2B4A /* AddressBookUI.framework in Frameworks */,
				C3C15D0914E246D2002F2B4A /* AddressBook.framework in Frameworks */,
				C3DBBCAB153FBD14006E1E6E /* libsqlite3.dylib in Frameworks */,
				C3DBBC8B153FBCDA006E1E6E /* UIKit.framework in Frameworks */,
				C3DBBC8D153FBCDA006E1E6E /* Foundation.framework in Frameworks */,
				C3DBBC8F153FBCDA006E1E6E /* CoreGraphics.framework in Frameworks */,
			);
			runOnlyForDeploymentPostprocessing = 0;
		};
/* End PBXFrameworksBuildPhase section */

/* Begin PBXGroup section */
		C3DBBC7B153FBCDA006E1E6E = {
			isa = PBXGroup;
			children = (
				C3A9539B15414F3400924281 /* AboutViewController.h */,
				C3A9539C15414F3400924281 /* AboutViewController.m */,
				C3A9539D15414F3400924281 /* AboutViewController.xib */,
				C3DBBCA7153FBCE1006E1E6E /* Res */,
				C3DBBC90153FBCDA006E1E6E /* Findlocation */,
				C3DBBC89153FBCDA006E1E6E /* Frameworks */,
				C3DBBC87153FBCDA006E1E6E /* Products */,
			);
			sourceTree = "<group>";
		};
		C3DBBC87153FBCDA006E1E6E /* Products */ = {
			isa = PBXGroup;
			children = (
				C3DBBC86153FBCDA006E1E6E /* Findlocation.app */,
			);
			name = Products;
			sourceTree = "<group>";
		};
		C3DBBC89153FBCDA006E1E6E /* Frameworks */ = {
			isa = PBXGroup;
			children = (
				C3C15D0B14E246DA002F2B4A /* AddressBookUI.framework */,
				C3C15D0814E246D2002F2B4A /* AddressBook.framework */,
				C3DBBCAA153FBD14006E1E6E /* libsqlite3.dylib */,
				C3DBBC8A153FBCDA006E1E6E /* UIKit.framework */,
				C3DBBC8C153FBCDA006E1E6E /* Foundation.framework */,
				C3DBBC8E153FBCDA006E1E6E /* CoreGraphics.framework */,
			);
			name = Frameworks;
			sourceTree = "<group>";
		};
		C3DBBC90153FBCDA006E1E6E /* Findlocation */ = {
			isa = PBXGroup;
			children = (
				C3DBBC99153FBCDA006E1E6E /* FindlocationAppDelegate.h */,
				C3DBBC9A153FBCDA006E1E6E /* FindlocationAppDelegate.m */,
				C3DBBC9C153FBCDA006E1E6E /* FindlocationViewController.h */,
				C3DBBC9D153FBCDA006E1E6E /* FindlocationViewController.m */,
				C3DBBC9F153FBCDA006E1E6E /* FindlocationViewController.xib */,
				C3DBBC91153FBCDA006E1E6E /* Supporting Files */,
			);
			path = Findlocation;
			sourceTree = "<group>";
		};
		C3DBBC91153FBCDA006E1E6E /* Supporting Files */ = {
			isa = PBXGroup;
			children = (
				C3DBBC92153FBCDA006E1E6E /* Findlocation-Info.plist */,
				C3DBBC93153FBCDA006E1E6E /* InfoPlist.strings */,
				C3DBBC96153FBCDA006E1E6E /* main.m */,
				C3DBBC98153FBCDA006E1E6E /* Findlocation-Prefix.pch */,
			);
			name = "Supporting Files";
			sourceTree = "<group>";
		};
		C3DBBCA7153FBCE1006E1E6E /* Res */ = {
			isa = PBXGroup;
			children = (
				C3A953901540F2F300924281 /* location_Numbercity_citynumber.db */,
			);
			name = Res;
			sourceTree = "<group>";
		};
/* End PBXGroup section */

/* Begin PBXNativeTarget section */
		C3DBBC85153FBCDA006E1E6E /* Findlocation */ = {
			isa = PBXNativeTarget;
			buildConfigurationList = C3DBBCA4153FBCDA006E1E6E /* Build configuration list for PBXNativeTarget "Findlocation" */;
			buildPhases = (
				C3DBBC82153FBCDA006E1E6E /* Sources */,
				C3DBBC83153FBCDA006E1E6E /* Frameworks */,
				C3DBBC84153FBCDA006E1E6E /* Resources */,
			);
			buildRules = (
			);
			dependencies = (
			);
			name = Findlocation;
			productName = Findlocation;
			productReference = C3DBBC86153FBCDA006E1E6E /* Findlocation.app */;
			productType = "com.apple.product-type.application";
		};
/* End PBXNativeTarget section */

/* Begin PBXProject section */
		C3DBBC7D153FBCDA006E1E6E /* Project object */ = {
			isa = PBXProject;
			attributes = {
				CLASSPREFIX = Findlocation;
				LastUpgradeCheck = 0430;
			};
			buildConfigurationList = C3DBBC80153FBCDA006E1E6E /* Build configuration list for PBXProject "Findlocation" */;
			compatibilityVersion = "Xcode 3.2";
			developmentRegion = English;
			hasScannedForEncodings = 0;
			knownRegions = (
				en,
			);
			mainGroup = C3DBBC7B153FBCDA006E1E6E;
			productRefGroup = C3DBBC87153FBCDA006E1E6E /* Products */;
			projectDirPath = "";
			projectRoot = "";
			targets = (
				C3DBBC85153FBCDA006E1E6E /* Findlocation */,
			);
		};
/* End PBXProject section */

/* Begin PBXResourcesBuildPhase section */
		C3DBBC84153FBCDA006E1E6E /* Resources */ = {
			isa = PBXResourcesBuildPhase;
			buildActionMask = 2147483647;
			files = (
				C3DBBC95153FBCDA006E1E6E /* InfoPlist.strings in Resources */,
				C3DBBCA1153FBCDA006E1E6E /* FindlocationViewController.xib in Resources */,
				C3A953911540F2F300924281 /* location_Numbercity_citynumber.db in Resources */,
				C3A9539F15414F3400924281 /* AboutViewController.xib in Resources */,
			);
			runOnlyForDeploymentPostprocessing = 0;
		};
/* End PBXResourcesBuildPhase section */

/* Begin PBXSourcesBuildPhase section */
		C3DBBC82153FBCDA006E1E6E /* Sources */ = {
			isa = PBXSourcesBuildPhase;
			buildActionMask = 2147483647;
			files = (
				C3DBBC97153FBCDA006E1E6E /* main.m in Sources */,
				C3DBBC9B153FBCDA006E1E6E /* FindlocationAppDelegate.m in Sources */,
				C3DBBC9E153FBCDA006E1E6E /* FindlocationViewController.m in Sources */,
				C3A9539E15414F3400924281 /* AboutViewController.m in Sources */,
			);
			runOnlyForDeploymentPostprocessing = 0;
		};
/* End PBXSourcesBuildPhase section */

/* Begin PBXVariantGroup section */
		C3DBBC93153FBCDA006E1E6E /* InfoPlist.strings */ = {
			isa = PBXVariantGroup;
			children = (
				C3DBBC94153FBCDA006E1E6E /* en */,
			);
			name = InfoPlist.strings;
			sourceTree = "<group>";
		};
		C3DBBC9F153FBCDA006E1E6E /* FindlocationViewController.xib */ = {
			isa = PBXVariantGroup;
			children = (
				C3DBBCA0153FBCDA006E1E6E /* en */,
			);
			name = FindlocationViewController.xib;
			sourceTree = "<group>";
		};
/* End PBXVariantGroup section */

/* Begin XCBuildConfiguration section */
		C3DBBCA2153FBCDA006E1E6E /* Debug */ = {
			isa = XCBuildConfiguration;
			buildSettings = {
				ALWAYS_SEARCH_USER_PATHS = NO;
				ARCHS = "$(ARCHS_STANDARD_32_BIT)";
				CLANG_ENABLE_OBJC_ARC = YES;
				"CODE_SIGN_IDENTITY[sdk=iphoneos*]" = "iPhone Developer";
				COPY_PHASE_STRIP = NO;
				GCC_C_LANGUAGE_STANDARD = gnu99;
				GCC_DYNAMIC_NO_PIC = NO;
				GCC_OPTIMIZATION_LEVEL = 0;
				GCC_PREPROCESSOR_DEFINITIONS = (
					"DEBUG=1",
					"$(inherited)",
				);
				GCC_SYMBOLS_PRIVATE_EXTERN = NO;
				GCC_VERSION = com.apple.compilers.llvm.clang.1_0;
				GCC_WARN_ABOUT_RETURN_TYPE = YES;
				GCC_WARN_UNINITIALIZED_AUTOS = YES;
				GCC_WARN_UNUSED_VARIABLE = YES;
				IPHONEOS_DEPLOYMENT_TARGET = 5.1;
				SDKROOT = iphoneos;
			};
			name = Debug;
		};
		C3DBBCA3153FBCDA006E1E6E /* Release */ = {
			isa = XCBuildConfiguration;
			buildSettings = {
				ALWAYS_SEARCH_USER_PATHS = NO;
				ARCHS = "$(ARCHS_STANDARD_32_BIT)";
				CLANG_ENABLE_OBJC_ARC = YES;
				"CODE_SIGN_IDENTITY[sdk=iphoneos*]" = "iPhone Developer";
				COPY_PHASE_STRIP = YES;
				GCC_C_LANGUAGE_STANDARD = gnu99;
				GCC_VERSION = com.apple.compilers.llvm.clang.1_0;
				GCC_WARN_ABOUT_RETURN_TYPE = YES;
				GCC_WARN_UNINITIALIZED_AUTOS = YES;
				GCC_WARN_UNUSED_VARIABLE = YES;
				IPHONEOS_DEPLOYMENT_TARGET = 5.1;
				OTHER_CFLAGS = "-DNS_BLOCK_ASSERTIONS=1";
				SDKROOT = iphoneos;
				VALIDATE_PRODUCT = YES;
			};
			name = Release;
		};
		C3DBBCA5153FBCDA006E1E6E /* Debug */ = {
			isa = XCBuildConfiguration;
			buildSettings = {
				GCC_PRECOMPILE_PREFIX_HEADER = YES;
				GCC_PREFIX_HEADER = "Findlocation/Findlocation-Prefix.pch";
				INFOPLIST_FILE = "Findlocation/Findlocation-Info.plist";
				PRODUCT_NAME = "$(TARGET_NAME)";
				WRAPPER_EXTENSION = app;
			};
			name = Debug;
		};
		C3DBBCA6153FBCDA006E1E6E /* Release */ = {
			isa = XCBuildConfiguration;
			buildSettings = {
				GCC_PRECOMPILE_PREFIX_HEADER = YES;
				GCC_PREFIX_HEADER = "Findlocation/Findlocation-Prefix.pch";
				INFOPLIST_FILE = "Findlocation/Findlocation-Info.plist";
				PRODUCT_NAME = "$(TARGET_NAME)";
				WRAPPER_EXTENSION = app;
			};
			name = Release;
		};
/* End XCBuildConfiguration section */

/* Begin XCConfigurationList section */
		C3DBBC80153FBCDA006E1E6E /* Build configuration list for PBXProject "Findlocation" */ = {
			isa = XCConfigurationList;
			buildConfigurations = (
				C3DBBCA2153FBCDA006E1E6E /* Debug */,
				C3DBBCA3153FBCDA006E1E6E /* Release */,
			);
			defaultConfigurationIsVisible = 0;
			defaultConfigurationName = Release;
		};
		C3DBBCA4153FBCDA006E1E6E /* Build configuration list for PBXNativeTarget "Findlocation" */ = {
			isa = XCConfigurationList;
			buildConfigurations = (
				C3DBBCA5153FBCDA006E1E6E /* Debug */,
				C3DBBCA6153FBCDA006E1E6E /* Release */,
			);
			defaultConfigurationIsVisible = 0;
			defaultConfigurationName = Release;
		};
/* End XCConfigurationList section */
	};
	rootObject = C3DBBC7D153FBCDA006E1E6E /* Project object */;
}
